
Microsoft Visual Studio Solution File, Format Version 12.00
# Visual Studio Version 17
VisualStudioVersion = 17.5.33516.290
MinimumVisualStudioVersion = 10.0.40219.1
Project("{FAE04EC0-301F-11D3-BF4B-00C04F79EFBC}") = "OPAKOVANI", "OPAKOVANI\OPAKOVANI.csproj", "{E5CC3BDF-65C2-43B7-B37B-64063FBF467C}"
EndProject
Global
	GlobalSection(SolutionConfigurationPlatforms) = preSolution
		Debug|Any CPU = Debug|Any CPU
		Release|Any CPU = Release|Any CPU
	EndGlobalSection
	GlobalSection(ProjectConfigurationPlatforms) = postSolution
		{E5CC3BDF-65C2-43B7-B37B-64063FBF467C}.Debug|Any CPU.ActiveCfg = Debug|Any CPU
		{E5CC3BDF-65C2-43B7-B37B-64063FBF467C}.Debug|Any CPU.Build.0 = Debug|Any CPU
		{E5CC3BDF-65C2-43B7-B37B-64063FBF467C}.Release|Any CPU.ActiveCfg = Release|Any CPU
		{E5CC3BDF-65C2-43B7-B37B-64063FBF467C}.Release|Any CPU.Build.0 = Release|Any CPU
	EndGlobalSection
	GlobalSection(SolutionProperties) = preSolution
		HideSolutionNode = FALSE
	EndGlobalSection
	GlobalSection(ExtensibilityGlobals) = postSolution
		SolutionGuid = {30A667FF-883F-41B8-81B2-98F7C92B82EE}
	EndGlobalSection
EndGlobal
